<?xml version="1.0" encoding="utf-8"?>
<Project ToolsVersion="17.0" xmlns="http://schemas.microsoft.com/developer/msbuild/2003">
  <ItemGroup>
    <CustomBuild Include="C:\Users\nicol\Desktop\Lavoro\Repo\CNR-DepthStreaming\ext\libtiff\CMakeFiles\7150666cce516d05f83cb5729d1ffb3b\tiff_faxtable.rule">
      <Filter>CMake Rules</Filter>
    </CustomBuild>
    <CustomBuild Include="C:\Users\nicol\Desktop\Lavoro\Repo\CNR-DepthStreaming\build\libtiff\src\libtiff\libtiff\CMakeLists.txt" />
  </ItemGroup>
  <ItemGroup>
    <None Include="C:\Users\nicol\Desktop\Lavoro\Repo\CNR-DepthStreaming\ext\libtiff\libtiff\CMakeFiles\tiff_faxtable" />
  </ItemGroup>
  <ItemGroup>
    <Filter Include="CMake Rules">
      <UniqueIdentifier>{052ED3C3-08FF-3ADB-91A8-A0F9E2AA4115}</UniqueIdentifier>
    </Filter>
  </ItemGroup>
</Project>
