<?xml version="1.0" encoding="utf-8"?>
<Project ToolsVersion="17.0" xmlns="http://schemas.microsoft.com/developer/msbuild/2003">
  <ItemGroup>
    <ClCompile Include="C:\Users\nicol\Desktop\Lavoro\Repo\CNR-DepthStreaming\build\libtiff\src\libtiff\libtiff\tif_aux.c">
      <Filter>Source Files</Filter>
    </ClCompile>
    <ClCompile Include="C:\Users\nicol\Desktop\Lavoro\Repo\CNR-DepthStreaming\build\libtiff\src\libtiff\libtiff\tif_close.c">
      <Filter>Source Files</Filter>
    </ClCompile>
    <ClCompile Include="C:\Users\nicol\Desktop\Lavoro\Repo\CNR-DepthStreaming\build\libtiff\src\libtiff\libtiff\tif_codec.c">
      <Filter>Source Files</Filter>
    </ClCompile>
    <ClCompile Include="C:\Users\nicol\Desktop\Lavoro\Repo\CNR-DepthStreaming\build\libtiff\src\libtiff\libtiff\tif_color.c">
      <Filter>Source Files</Filter>
    </ClCompile>
    <ClCompile Include="C:\Users\nicol\Desktop\Lavoro\Repo\CNR-DepthStreaming\build\libtiff\src\libtiff\libtiff\tif_compress.c">
      <Filter>Source Files</Filter>
    </ClCompile>
    <ClCompile Include="C:\Users\nicol\Desktop\Lavoro\Repo\CNR-DepthStreaming\build\libtiff\src\libtiff\libtiff\tif_dir.c">
      <Filter>Source Files</Filter>
    </ClCompile>
    <ClCompile Include="C:\Users\nicol\Desktop\Lavoro\Repo\CNR-DepthStreaming\build\libtiff\src\libtiff\libtiff\tif_dirinfo.c">
      <Filter>Source Files</Filter>
    </ClCompile>
    <ClCompile Include="C:\Users\nicol\Desktop\Lavoro\Repo\CNR-DepthStreaming\build\libtiff\src\libtiff\libtiff\tif_dirread.c">
      <Filter>Source Files</Filter>
    </ClCompile>
    <ClCompile Include="C:\Users\nicol\Desktop\Lavoro\Repo\CNR-DepthStreaming\build\libtiff\src\libtiff\libtiff\tif_dirwrite.c">
      <Filter>Source Files</Filter>
    </ClCompile>
    <ClCompile Include="C:\Users\nicol\Desktop\Lavoro\Repo\CNR-DepthStreaming\build\libtiff\src\libtiff\libtiff\tif_dumpmode.c">
      <Filter>Source Files</Filter>
    </ClCompile>
    <ClCompile Include="C:\Users\nicol\Desktop\Lavoro\Repo\CNR-DepthStreaming\build\libtiff\src\libtiff\libtiff\tif_error.c">
      <Filter>Source Files</Filter>
    </ClCompile>
    <ClCompile Include="C:\Users\nicol\Desktop\Lavoro\Repo\CNR-DepthStreaming\build\libtiff\src\libtiff\libtiff\tif_extension.c">
      <Filter>Source Files</Filter>
    </ClCompile>
    <ClCompile Include="C:\Users\nicol\Desktop\Lavoro\Repo\CNR-DepthStreaming\build\libtiff\src\libtiff\libtiff\tif_fax3.c">
      <Filter>Source Files</Filter>
    </ClCompile>
    <ClCompile Include="C:\Users\nicol\Desktop\Lavoro\Repo\CNR-DepthStreaming\build\libtiff\src\libtiff\libtiff\tif_fax3sm.c">
      <Filter>Source Files</Filter>
    </ClCompile>
    <ClCompile Include="C:\Users\nicol\Desktop\Lavoro\Repo\CNR-DepthStreaming\build\libtiff\src\libtiff\libtiff\tif_flush.c">
      <Filter>Source Files</Filter>
    </ClCompile>
    <ClCompile Include="C:\Users\nicol\Desktop\Lavoro\Repo\CNR-DepthStreaming\build\libtiff\src\libtiff\libtiff\tif_getimage.c">
      <Filter>Source Files</Filter>
    </ClCompile>
    <ClCompile Include="C:\Users\nicol\Desktop\Lavoro\Repo\CNR-DepthStreaming\build\libtiff\src\libtiff\libtiff\tif_hash_set.c">
      <Filter>Source Files</Filter>
    </ClCompile>
    <ClCompile Include="C:\Users\nicol\Desktop\Lavoro\Repo\CNR-DepthStreaming\build\libtiff\src\libtiff\libtiff\tif_jbig.c">
      <Filter>Source Files</Filter>
    </ClCompile>
    <ClCompile Include="C:\Users\nicol\Desktop\Lavoro\Repo\CNR-DepthStreaming\build\libtiff\src\libtiff\libtiff\tif_jpeg.c">
      <Filter>Source Files</Filter>
    </ClCompile>
    <ClCompile Include="C:\Users\nicol\Desktop\Lavoro\Repo\CNR-DepthStreaming\build\libtiff\src\libtiff\libtiff\tif_jpeg_12.c">
      <Filter>Source Files</Filter>
    </ClCompile>
    <ClCompile Include="C:\Users\nicol\Desktop\Lavoro\Repo\CNR-DepthStreaming\build\libtiff\src\libtiff\libtiff\tif_lerc.c">
      <Filter>Source Files</Filter>
    </ClCompile>
    <ClCompile Include="C:\Users\nicol\Desktop\Lavoro\Repo\CNR-DepthStreaming\build\libtiff\src\libtiff\libtiff\tif_luv.c">
      <Filter>Source Files</Filter>
    </ClCompile>
    <ClCompile Include="C:\Users\nicol\Desktop\Lavoro\Repo\CNR-DepthStreaming\build\libtiff\src\libtiff\libtiff\tif_lzma.c">
      <Filter>Source Files</Filter>
    </ClCompile>
    <ClCompile Include="C:\Users\nicol\Desktop\Lavoro\Repo\CNR-DepthStreaming\build\libtiff\src\libtiff\libtiff\tif_lzw.c">
      <Filter>Source Files</Filter>
    </ClCompile>
    <ClCompile Include="C:\Users\nicol\Desktop\Lavoro\Repo\CNR-DepthStreaming\build\libtiff\src\libtiff\libtiff\tif_next.c">
      <Filter>Source Files</Filter>
    </ClCompile>
    <ClCompile Include="C:\Users\nicol\Desktop\Lavoro\Repo\CNR-DepthStreaming\build\libtiff\src\libtiff\libtiff\tif_ojpeg.c">
      <Filter>Source Files</Filter>
    </ClCompile>
    <ClCompile Include="C:\Users\nicol\Desktop\Lavoro\Repo\CNR-DepthStreaming\build\libtiff\src\libtiff\libtiff\tif_open.c">
      <Filter>Source Files</Filter>
    </ClCompile>
    <ClCompile Include="C:\Users\nicol\Desktop\Lavoro\Repo\CNR-DepthStreaming\build\libtiff\src\libtiff\libtiff\tif_packbits.c">
      <Filter>Source Files</Filter>
    </ClCompile>
    <ClCompile Include="C:\Users\nicol\Desktop\Lavoro\Repo\CNR-DepthStreaming\build\libtiff\src\libtiff\libtiff\tif_pixarlog.c">
      <Filter>Source Files</Filter>
    </ClCompile>
    <ClCompile Include="C:\Users\nicol\Desktop\Lavoro\Repo\CNR-DepthStreaming\build\libtiff\src\libtiff\libtiff\tif_predict.c">
      <Filter>Source Files</Filter>
    </ClCompile>
    <ClCompile Include="C:\Users\nicol\Desktop\Lavoro\Repo\CNR-DepthStreaming\build\libtiff\src\libtiff\libtiff\tif_print.c">
      <Filter>Source Files</Filter>
    </ClCompile>
    <ClCompile Include="C:\Users\nicol\Desktop\Lavoro\Repo\CNR-DepthStreaming\build\libtiff\src\libtiff\libtiff\tif_read.c">
      <Filter>Source Files</Filter>
    </ClCompile>
    <ClCompile Include="C:\Users\nicol\Desktop\Lavoro\Repo\CNR-DepthStreaming\build\libtiff\src\libtiff\libtiff\tif_strip.c">
      <Filter>Source Files</Filter>
    </ClCompile>
    <ClCompile Include="C:\Users\nicol\Desktop\Lavoro\Repo\CNR-DepthStreaming\build\libtiff\src\libtiff\libtiff\tif_swab.c">
      <Filter>Source Files</Filter>
    </ClCompile>
    <ClCompile Include="C:\Users\nicol\Desktop\Lavoro\Repo\CNR-DepthStreaming\build\libtiff\src\libtiff\libtiff\tif_thunder.c">
      <Filter>Source Files</Filter>
    </ClCompile>
    <ClCompile Include="C:\Users\nicol\Desktop\Lavoro\Repo\CNR-DepthStreaming\build\libtiff\src\libtiff\libtiff\tif_tile.c">
      <Filter>Source Files</Filter>
    </ClCompile>
    <ClCompile Include="C:\Users\nicol\Desktop\Lavoro\Repo\CNR-DepthStreaming\build\libtiff\src\libtiff\libtiff\tif_version.c">
      <Filter>Source Files</Filter>
    </ClCompile>
    <ClCompile Include="C:\Users\nicol\Desktop\Lavoro\Repo\CNR-DepthStreaming\build\libtiff\src\libtiff\libtiff\tif_warning.c">
      <Filter>Source Files</Filter>
    </ClCompile>
    <ClCompile Include="C:\Users\nicol\Desktop\Lavoro\Repo\CNR-DepthStreaming\build\libtiff\src\libtiff\libtiff\tif_webp.c">
      <Filter>Source Files</Filter>
    </ClCompile>
    <ClCompile Include="C:\Users\nicol\Desktop\Lavoro\Repo\CNR-DepthStreaming\build\libtiff\src\libtiff\libtiff\tif_write.c">
      <Filter>Source Files</Filter>
    </ClCompile>
    <ClCompile Include="C:\Users\nicol\Desktop\Lavoro\Repo\CNR-DepthStreaming\build\libtiff\src\libtiff\libtiff\tif_zip.c">
      <Filter>Source Files</Filter>
    </ClCompile>
    <ClCompile Include="C:\Users\nicol\Desktop\Lavoro\Repo\CNR-DepthStreaming\build\libtiff\src\libtiff\libtiff\tif_zstd.c">
      <Filter>Source Files</Filter>
    </ClCompile>
    <ClCompile Include="C:\Users\nicol\Desktop\Lavoro\Repo\CNR-DepthStreaming\build\libtiff\src\libtiff\libtiff\tif_win32.c">
      <Filter>Source Files</Filter>
    </ClCompile>
  </ItemGroup>
  <ItemGroup>
    <ClInclude Include="C:\Users\nicol\Desktop\Lavoro\Repo\CNR-DepthStreaming\build\libtiff\src\libtiff\libtiff\tiff.h">
      <Filter>Header Files</Filter>
    </ClInclude>
    <ClInclude Include="C:\Users\nicol\Desktop\Lavoro\Repo\CNR-DepthStreaming\build\libtiff\src\libtiff\libtiff\tiffio.h">
      <Filter>Header Files</Filter>
    </ClInclude>
    <ClInclude Include="C:\Users\nicol\Desktop\Lavoro\Repo\CNR-DepthStreaming\build\libtiff\src\libtiff\libtiff\tiffvers.h">
      <Filter>Header Files</Filter>
    </ClInclude>
    <ClInclude Include="C:\Users\nicol\Desktop\Lavoro\Repo\CNR-DepthStreaming\ext\libtiff\libtiff\tiffconf.h">
      <Filter>Header Files</Filter>
    </ClInclude>
    <ClInclude Include="C:\Users\nicol\Desktop\Lavoro\Repo\CNR-DepthStreaming\build\libtiff\src\libtiff\libtiff\t4.h">
      <Filter>Header Files</Filter>
    </ClInclude>
    <ClInclude Include="C:\Users\nicol\Desktop\Lavoro\Repo\CNR-DepthStreaming\build\libtiff\src\libtiff\libtiff\tif_dir.h">
      <Filter>Header Files</Filter>
    </ClInclude>
    <ClInclude Include="C:\Users\nicol\Desktop\Lavoro\Repo\CNR-DepthStreaming\build\libtiff\src\libtiff\libtiff\tif_predict.h">
      <Filter>Header Files</Filter>
    </ClInclude>
    <ClInclude Include="C:\Users\nicol\Desktop\Lavoro\Repo\CNR-DepthStreaming\build\libtiff\src\libtiff\libtiff\tiffiop.h">
      <Filter>Header Files</Filter>
    </ClInclude>
    <ClInclude Include="C:\Users\nicol\Desktop\Lavoro\Repo\CNR-DepthStreaming\build\libtiff\src\libtiff\libtiff\uvcode.h">
      <Filter>Header Files</Filter>
    </ClInclude>
    <ClInclude Include="C:\Users\nicol\Desktop\Lavoro\Repo\CNR-DepthStreaming\ext\libtiff\libtiff\tif_config.h">
      <Filter>Header Files</Filter>
    </ClInclude>
  </ItemGroup>
  <ItemGroup>
    <CustomBuild Include="C:\Users\nicol\Desktop\Lavoro\Repo\CNR-DepthStreaming\build\libtiff\src\libtiff\libtiff\CMakeLists.txt" />
  </ItemGroup>
  <ItemGroup>
    <None Include="C:\Users\nicol\Desktop\Lavoro\Repo\CNR-DepthStreaming\build\libtiff\src\libtiff\libtiff\libtiff.def">
      <Filter>Source Files</Filter>
    </None>
  </ItemGroup>
  <ItemGroup>
    <Filter Include="Header Files">
      <UniqueIdentifier>{4C4605A5-915F-3A86-8CE2-955A2A8F750E}</UniqueIdentifier>
    </Filter>
    <Filter Include="Source Files">
      <UniqueIdentifier>{DF7A6A91-2255-3619-BEF3-4C34539C619A}</UniqueIdentifier>
    </Filter>
  </ItemGroup>
</Project>
