<?xml version="1.0" encoding="utf-8"?>
<Project ToolsVersion="17.0" xmlns="http://schemas.microsoft.com/developer/msbuild/2003">
  <ItemGroup>
    <CustomBuild Include="C:\Users\nicol\Desktop\Lavoro\Repo\CNR-DepthStreaming\ext\libwebp\CMakeFiles\66078c0285129815feee393b9b2d9b89\INSTALL_force.rule">
      <Filter>CMake Rules</Filter>
    </CustomBuild>
  </ItemGroup>
  <ItemGroup>
    <Filter Include="CMake Rules">
      <UniqueIdentifier>{CF2FD48F-C610-3E34-95EB-87E0E394EE5D}</UniqueIdentifier>
    </Filter>
  </ItemGroup>
</Project>
