
Microsoft Visual Studio Solution File, Format Version 12.00
# Visual Studio Version 17
Project("{8BC9CEB8-8B4A-11D0-8D11-00A0C91BC942}") = "ALL_BUILD", "ALL_BUILD.vcxproj", "{8915A938-D693-3807-B1AC-CFCDD3A5D823}"
	ProjectSection(ProjectDependencies) = postProject
		{86779012-2B3A-33A9-95C9-3AE6BE61B64F} = {86779012-2B3A-33A9-95C9-3AE6BE61B64F}
		{23D3222C-18F9-3266-8A88-63149E7A5EDF} = {23D3222C-18F9-3266-8A88-63149E7A5EDF}
		{04B410FF-7EDB-335C-81D9-8D8DCC61FA68} = {04B410FF-7EDB-335C-81D9-8D8DCC61FA68}
		{BA7AE4C7-F64A-342B-A037-3700DB52074C} = {BA7AE4C7-F64A-342B-A037-3700DB52074C}
		{C2D13961-FEC8-3549-9D07-C433C3101826} = {C2D13961-FEC8-3549-9D07-C433C3101826}
		{5CAD00A3-85F5-3397-959F-813B5606A627} = {5CAD00A3-85F5-3397-959F-813B5606A627}
		{E513B8D3-E7F7-30F1-8A94-6B6D8A347797} = {E513B8D3-E7F7-30F1-8A94-6B6D8A347797}
		{C2F103D9-72C4-3AF8-9718-663719D0C940} = {C2F103D9-72C4-3AF8-9718-663719D0C940}
		{3A2CF4B8-A965-3DB8-80BF-794DCAB93FE4} = {3A2CF4B8-A965-3DB8-80BF-794DCAB93FE4}
		{C3DD8E8A-6476-3435-BA28-692D4FB879DE} = {C3DD8E8A-6476-3435-BA28-692D4FB879DE}
		{CEB40585-4E66-30FB-9482-E5901E14EFD0} = {CEB40585-4E66-30FB-9482-E5901E14EFD0}
		{081F1C26-2845-3F27-A2A6-54F2F2B7C299} = {081F1C26-2845-3F27-A2A6-54F2F2B7C299}
		{CA115465-F742-3CA0-9138-B462FC7409BF} = {CA115465-F742-3CA0-9138-B462FC7409BF}
		{635EEF8F-F24A-3C67-A595-0B350978B68C} = {635EEF8F-F24A-3C67-A595-0B350978B68C}
		{8F695E59-4709-3149-A276-6B586EE895E4} = {8F695E59-4709-3149-A276-6B586EE895E4}
		{9EDFB933-4130-3843-A0B1-0B21E9A0058D} = {9EDFB933-4130-3843-A0B1-0B21E9A0058D}
	EndProjectSection
EndProject
Project("{8BC9CEB8-8B4A-11D0-8D11-00A0C91BC942}") = "INSTALL", "INSTALL.vcxproj", "{EA8FDBC3-B01B-3C86-933B-9BC1FC7A2362}"
	ProjectSection(ProjectDependencies) = postProject
		{8915A938-D693-3807-B1AC-CFCDD3A5D823} = {8915A938-D693-3807-B1AC-CFCDD3A5D823}
		{86779012-2B3A-33A9-95C9-3AE6BE61B64F} = {86779012-2B3A-33A9-95C9-3AE6BE61B64F}
	EndProjectSection
EndProject
Project("{8BC9CEB8-8B4A-11D0-8D11-00A0C91BC942}") = "ZERO_CHECK", "ZERO_CHECK.vcxproj", "{86779012-2B3A-33A9-95C9-3AE6BE61B64F}"
	ProjectSection(ProjectDependencies) = postProject
	EndProjectSection
EndProject
Project("{8BC9CEB8-8B4A-11D0-8D11-00A0C91BC942}") = "cwebp", "cwebp.vcxproj", "{23D3222C-18F9-3266-8A88-63149E7A5EDF}"
	ProjectSection(ProjectDependencies) = postProject
		{86779012-2B3A-33A9-95C9-3AE6BE61B64F} = {86779012-2B3A-33A9-95C9-3AE6BE61B64F}
		{04B410FF-7EDB-335C-81D9-8D8DCC61FA68} = {04B410FF-7EDB-335C-81D9-8D8DCC61FA68}
		{BA7AE4C7-F64A-342B-A037-3700DB52074C} = {BA7AE4C7-F64A-342B-A037-3700DB52074C}
		{5CAD00A3-85F5-3397-959F-813B5606A627} = {5CAD00A3-85F5-3397-959F-813B5606A627}
		{E513B8D3-E7F7-30F1-8A94-6B6D8A347797} = {E513B8D3-E7F7-30F1-8A94-6B6D8A347797}
		{C2F103D9-72C4-3AF8-9718-663719D0C940} = {C2F103D9-72C4-3AF8-9718-663719D0C940}
		{CEB40585-4E66-30FB-9482-E5901E14EFD0} = {CEB40585-4E66-30FB-9482-E5901E14EFD0}
	EndProjectSection
EndProject
Project("{8BC9CEB8-8B4A-11D0-8D11-00A0C91BC942}") = "exampleutil", "exampleutil.vcxproj", "{04B410FF-7EDB-335C-81D9-8D8DCC61FA68}"
	ProjectSection(ProjectDependencies) = postProject
		{86779012-2B3A-33A9-95C9-3AE6BE61B64F} = {86779012-2B3A-33A9-95C9-3AE6BE61B64F}
		{5CAD00A3-85F5-3397-959F-813B5606A627} = {5CAD00A3-85F5-3397-959F-813B5606A627}
		{E513B8D3-E7F7-30F1-8A94-6B6D8A347797} = {E513B8D3-E7F7-30F1-8A94-6B6D8A347797}
		{C2F103D9-72C4-3AF8-9718-663719D0C940} = {C2F103D9-72C4-3AF8-9718-663719D0C940}
	EndProjectSection
EndProject
Project("{8BC9CEB8-8B4A-11D0-8D11-00A0C91BC942}") = "imagedec", "imagedec.vcxproj", "{BA7AE4C7-F64A-342B-A037-3700DB52074C}"
	ProjectSection(ProjectDependencies) = postProject
		{86779012-2B3A-33A9-95C9-3AE6BE61B64F} = {86779012-2B3A-33A9-95C9-3AE6BE61B64F}
		{5CAD00A3-85F5-3397-959F-813B5606A627} = {5CAD00A3-85F5-3397-959F-813B5606A627}
		{E513B8D3-E7F7-30F1-8A94-6B6D8A347797} = {E513B8D3-E7F7-30F1-8A94-6B6D8A347797}
		{C2F103D9-72C4-3AF8-9718-663719D0C940} = {C2F103D9-72C4-3AF8-9718-663719D0C940}
		{CEB40585-4E66-30FB-9482-E5901E14EFD0} = {CEB40585-4E66-30FB-9482-E5901E14EFD0}
	EndProjectSection
EndProject
Project("{8BC9CEB8-8B4A-11D0-8D11-00A0C91BC942}") = "imageenc", "imageenc.vcxproj", "{C2D13961-FEC8-3549-9D07-C433C3101826}"
	ProjectSection(ProjectDependencies) = postProject
		{86779012-2B3A-33A9-95C9-3AE6BE61B64F} = {86779012-2B3A-33A9-95C9-3AE6BE61B64F}
		{5CAD00A3-85F5-3397-959F-813B5606A627} = {5CAD00A3-85F5-3397-959F-813B5606A627}
		{E513B8D3-E7F7-30F1-8A94-6B6D8A347797} = {E513B8D3-E7F7-30F1-8A94-6B6D8A347797}
		{C2F103D9-72C4-3AF8-9718-663719D0C940} = {C2F103D9-72C4-3AF8-9718-663719D0C940}
	EndProjectSection
EndProject
Project("{8BC9CEB8-8B4A-11D0-8D11-00A0C91BC942}") = "imageioutil", "imageioutil.vcxproj", "{5CAD00A3-85F5-3397-959F-813B5606A627}"
	ProjectSection(ProjectDependencies) = postProject
		{86779012-2B3A-33A9-95C9-3AE6BE61B64F} = {86779012-2B3A-33A9-95C9-3AE6BE61B64F}
		{E513B8D3-E7F7-30F1-8A94-6B6D8A347797} = {E513B8D3-E7F7-30F1-8A94-6B6D8A347797}
		{C2F103D9-72C4-3AF8-9718-663719D0C940} = {C2F103D9-72C4-3AF8-9718-663719D0C940}
	EndProjectSection
EndProject
Project("{8BC9CEB8-8B4A-11D0-8D11-00A0C91BC942}") = "sharpyuv", "sharpyuv.vcxproj", "{E513B8D3-E7F7-30F1-8A94-6B6D8A347797}"
	ProjectSection(ProjectDependencies) = postProject
		{86779012-2B3A-33A9-95C9-3AE6BE61B64F} = {86779012-2B3A-33A9-95C9-3AE6BE61B64F}
	EndProjectSection
EndProject
Project("{8BC9CEB8-8B4A-11D0-8D11-00A0C91BC942}") = "webp", "webp.vcxproj", "{C2F103D9-72C4-3AF8-9718-663719D0C940}"
	ProjectSection(ProjectDependencies) = postProject
		{86779012-2B3A-33A9-95C9-3AE6BE61B64F} = {86779012-2B3A-33A9-95C9-3AE6BE61B64F}
		{E513B8D3-E7F7-30F1-8A94-6B6D8A347797} = {E513B8D3-E7F7-30F1-8A94-6B6D8A347797}
		{3A2CF4B8-A965-3DB8-80BF-794DCAB93FE4} = {3A2CF4B8-A965-3DB8-80BF-794DCAB93FE4}
		{081F1C26-2845-3F27-A2A6-54F2F2B7C299} = {081F1C26-2845-3F27-A2A6-54F2F2B7C299}
		{635EEF8F-F24A-3C67-A595-0B350978B68C} = {635EEF8F-F24A-3C67-A595-0B350978B68C}
		{8F695E59-4709-3149-A276-6B586EE895E4} = {8F695E59-4709-3149-A276-6B586EE895E4}
	EndProjectSection
EndProject
Project("{8BC9CEB8-8B4A-11D0-8D11-00A0C91BC942}") = "webpdecode", "webpdecode.vcxproj", "{3A2CF4B8-A965-3DB8-80BF-794DCAB93FE4}"
	ProjectSection(ProjectDependencies) = postProject
		{86779012-2B3A-33A9-95C9-3AE6BE61B64F} = {86779012-2B3A-33A9-95C9-3AE6BE61B64F}
	EndProjectSection
EndProject
Project("{8BC9CEB8-8B4A-11D0-8D11-00A0C91BC942}") = "webpdecoder", "webpdecoder.vcxproj", "{C3DD8E8A-6476-3435-BA28-692D4FB879DE}"
	ProjectSection(ProjectDependencies) = postProject
		{86779012-2B3A-33A9-95C9-3AE6BE61B64F} = {86779012-2B3A-33A9-95C9-3AE6BE61B64F}
		{3A2CF4B8-A965-3DB8-80BF-794DCAB93FE4} = {3A2CF4B8-A965-3DB8-80BF-794DCAB93FE4}
		{CA115465-F742-3CA0-9138-B462FC7409BF} = {CA115465-F742-3CA0-9138-B462FC7409BF}
		{9EDFB933-4130-3843-A0B1-0B21E9A0058D} = {9EDFB933-4130-3843-A0B1-0B21E9A0058D}
	EndProjectSection
EndProject
Project("{8BC9CEB8-8B4A-11D0-8D11-00A0C91BC942}") = "webpdemux", "webpdemux.vcxproj", "{CEB40585-4E66-30FB-9482-E5901E14EFD0}"
	ProjectSection(ProjectDependencies) = postProject
		{86779012-2B3A-33A9-95C9-3AE6BE61B64F} = {86779012-2B3A-33A9-95C9-3AE6BE61B64F}
		{E513B8D3-E7F7-30F1-8A94-6B6D8A347797} = {E513B8D3-E7F7-30F1-8A94-6B6D8A347797}
		{C2F103D9-72C4-3AF8-9718-663719D0C940} = {C2F103D9-72C4-3AF8-9718-663719D0C940}
	EndProjectSection
EndProject
Project("{8BC9CEB8-8B4A-11D0-8D11-00A0C91BC942}") = "webpdsp", "webpdsp.vcxproj", "{081F1C26-2845-3F27-A2A6-54F2F2B7C299}"
	ProjectSection(ProjectDependencies) = postProject
		{86779012-2B3A-33A9-95C9-3AE6BE61B64F} = {86779012-2B3A-33A9-95C9-3AE6BE61B64F}
	EndProjectSection
EndProject
Project("{8BC9CEB8-8B4A-11D0-8D11-00A0C91BC942}") = "webpdspdecode", "webpdspdecode.vcxproj", "{CA115465-F742-3CA0-9138-B462FC7409BF}"
	ProjectSection(ProjectDependencies) = postProject
		{86779012-2B3A-33A9-95C9-3AE6BE61B64F} = {86779012-2B3A-33A9-95C9-3AE6BE61B64F}
	EndProjectSection
EndProject
Project("{8BC9CEB8-8B4A-11D0-8D11-00A0C91BC942}") = "webpencode", "webpencode.vcxproj", "{635EEF8F-F24A-3C67-A595-0B350978B68C}"
	ProjectSection(ProjectDependencies) = postProject
		{86779012-2B3A-33A9-95C9-3AE6BE61B64F} = {86779012-2B3A-33A9-95C9-3AE6BE61B64F}
	EndProjectSection
EndProject
Project("{8BC9CEB8-8B4A-11D0-8D11-00A0C91BC942}") = "webputils", "webputils.vcxproj", "{8F695E59-4709-3149-A276-6B586EE895E4}"
	ProjectSection(ProjectDependencies) = postProject
		{86779012-2B3A-33A9-95C9-3AE6BE61B64F} = {86779012-2B3A-33A9-95C9-3AE6BE61B64F}
	EndProjectSection
EndProject
Project("{8BC9CEB8-8B4A-11D0-8D11-00A0C91BC942}") = "webputilsdecode", "webputilsdecode.vcxproj", "{9EDFB933-4130-3843-A0B1-0B21E9A0058D}"
	ProjectSection(ProjectDependencies) = postProject
		{86779012-2B3A-33A9-95C9-3AE6BE61B64F} = {86779012-2B3A-33A9-95C9-3AE6BE61B64F}
	EndProjectSection
EndProject
Global
	GlobalSection(SolutionConfigurationPlatforms) = preSolution
		Debug|x64 = Debug|x64
		Release|x64 = Release|x64
		MinSizeRel|x64 = MinSizeRel|x64
		RelWithDebInfo|x64 = RelWithDebInfo|x64
	EndGlobalSection
	GlobalSection(ProjectConfigurationPlatforms) = postSolution
		{8915A938-D693-3807-B1AC-CFCDD3A5D823}.Debug|x64.ActiveCfg = Debug|x64
		{8915A938-D693-3807-B1AC-CFCDD3A5D823}.Debug|x64.Build.0 = Debug|x64
		{8915A938-D693-3807-B1AC-CFCDD3A5D823}.Release|x64.ActiveCfg = Release|x64
		{8915A938-D693-3807-B1AC-CFCDD3A5D823}.Release|x64.Build.0 = Release|x64
		{8915A938-D693-3807-B1AC-CFCDD3A5D823}.MinSizeRel|x64.ActiveCfg = MinSizeRel|x64
		{8915A938-D693-3807-B1AC-CFCDD3A5D823}.MinSizeRel|x64.Build.0 = MinSizeRel|x64
		{8915A938-D693-3807-B1AC-CFCDD3A5D823}.RelWithDebInfo|x64.ActiveCfg = RelWithDebInfo|x64
		{8915A938-D693-3807-B1AC-CFCDD3A5D823}.RelWithDebInfo|x64.Build.0 = RelWithDebInfo|x64
		{EA8FDBC3-B01B-3C86-933B-9BC1FC7A2362}.Debug|x64.ActiveCfg = Debug|x64
		{EA8FDBC3-B01B-3C86-933B-9BC1FC7A2362}.Release|x64.ActiveCfg = Release|x64
		{EA8FDBC3-B01B-3C86-933B-9BC1FC7A2362}.MinSizeRel|x64.ActiveCfg = MinSizeRel|x64
		{EA8FDBC3-B01B-3C86-933B-9BC1FC7A2362}.RelWithDebInfo|x64.ActiveCfg = RelWithDebInfo|x64
		{86779012-2B3A-33A9-95C9-3AE6BE61B64F}.Debug|x64.ActiveCfg = Debug|x64
		{86779012-2B3A-33A9-95C9-3AE6BE61B64F}.Debug|x64.Build.0 = Debug|x64
		{86779012-2B3A-33A9-95C9-3AE6BE61B64F}.Release|x64.ActiveCfg = Release|x64
		{86779012-2B3A-33A9-95C9-3AE6BE61B64F}.Release|x64.Build.0 = Release|x64
		{86779012-2B3A-33A9-95C9-3AE6BE61B64F}.MinSizeRel|x64.ActiveCfg = MinSizeRel|x64
		{86779012-2B3A-33A9-95C9-3AE6BE61B64F}.MinSizeRel|x64.Build.0 = MinSizeRel|x64
		{86779012-2B3A-33A9-95C9-3AE6BE61B64F}.RelWithDebInfo|x64.ActiveCfg = RelWithDebInfo|x64
		{86779012-2B3A-33A9-95C9-3AE6BE61B64F}.RelWithDebInfo|x64.Build.0 = RelWithDebInfo|x64
		{23D3222C-18F9-3266-8A88-63149E7A5EDF}.Debug|x64.ActiveCfg = Debug|x64
		{23D3222C-18F9-3266-8A88-63149E7A5EDF}.Debug|x64.Build.0 = Debug|x64
		{23D3222C-18F9-3266-8A88-63149E7A5EDF}.Release|x64.ActiveCfg = Release|x64
		{23D3222C-18F9-3266-8A88-63149E7A5EDF}.Release|x64.Build.0 = Release|x64
		{23D3222C-18F9-3266-8A88-63149E7A5EDF}.MinSizeRel|x64.ActiveCfg = MinSizeRel|x64
		{23D3222C-18F9-3266-8A88-63149E7A5EDF}.MinSizeRel|x64.Build.0 = MinSizeRel|x64
		{23D3222C-18F9-3266-8A88-63149E7A5EDF}.RelWithDebInfo|x64.ActiveCfg = RelWithDebInfo|x64
		{23D3222C-18F9-3266-8A88-63149E7A5EDF}.RelWithDebInfo|x64.Build.0 = RelWithDebInfo|x64
		{04B410FF-7EDB-335C-81D9-8D8DCC61FA68}.Debug|x64.ActiveCfg = Debug|x64
		{04B410FF-7EDB-335C-81D9-8D8DCC61FA68}.Debug|x64.Build.0 = Debug|x64
		{04B410FF-7EDB-335C-81D9-8D8DCC61FA68}.Release|x64.ActiveCfg = Release|x64
		{04B410FF-7EDB-335C-81D9-8D8DCC61FA68}.Release|x64.Build.0 = Release|x64
		{04B410FF-7EDB-335C-81D9-8D8DCC61FA68}.MinSizeRel|x64.ActiveCfg = MinSizeRel|x64
		{04B410FF-7EDB-335C-81D9-8D8DCC61FA68}.MinSizeRel|x64.Build.0 = MinSizeRel|x64
		{04B410FF-7EDB-335C-81D9-8D8DCC61FA68}.RelWithDebInfo|x64.ActiveCfg = RelWithDebInfo|x64
		{04B410FF-7EDB-335C-81D9-8D8DCC61FA68}.RelWithDebInfo|x64.Build.0 = RelWithDebInfo|x64
		{BA7AE4C7-F64A-342B-A037-3700DB52074C}.Debug|x64.ActiveCfg = Debug|x64
		{BA7AE4C7-F64A-342B-A037-3700DB52074C}.Debug|x64.Build.0 = Debug|x64
		{BA7AE4C7-F64A-342B-A037-3700DB52074C}.Release|x64.ActiveCfg = Release|x64
		{BA7AE4C7-F64A-342B-A037-3700DB52074C}.Release|x64.Build.0 = Release|x64
		{BA7AE4C7-F64A-342B-A037-3700DB52074C}.MinSizeRel|x64.ActiveCfg = MinSizeRel|x64
		{BA7AE4C7-F64A-342B-A037-3700DB52074C}.MinSizeRel|x64.Build.0 = MinSizeRel|x64
		{BA7AE4C7-F64A-342B-A037-3700DB52074C}.RelWithDebInfo|x64.ActiveCfg = RelWithDebInfo|x64
		{BA7AE4C7-F64A-342B-A037-3700DB52074C}.RelWithDebInfo|x64.Build.0 = RelWithDebInfo|x64
		{C2D13961-FEC8-3549-9D07-C433C3101826}.Debug|x64.ActiveCfg = Debug|x64
		{C2D13961-FEC8-3549-9D07-C433C3101826}.Debug|x64.Build.0 = Debug|x64
		{C2D13961-FEC8-3549-9D07-C433C3101826}.Release|x64.ActiveCfg = Release|x64
		{C2D13961-FEC8-3549-9D07-C433C3101826}.Release|x64.Build.0 = Release|x64
		{C2D13961-FEC8-3549-9D07-C433C3101826}.MinSizeRel|x64.ActiveCfg = MinSizeRel|x64
		{C2D13961-FEC8-3549-9D07-C433C3101826}.MinSizeRel|x64.Build.0 = MinSizeRel|x64
		{C2D13961-FEC8-3549-9D07-C433C3101826}.RelWithDebInfo|x64.ActiveCfg = RelWithDebInfo|x64
		{C2D13961-FEC8-3549-9D07-C433C3101826}.RelWithDebInfo|x64.Build.0 = RelWithDebInfo|x64
		{5CAD00A3-85F5-3397-959F-813B5606A627}.Debug|x64.ActiveCfg = Debug|x64
		{5CAD00A3-85F5-3397-959F-813B5606A627}.Debug|x64.Build.0 = Debug|x64
		{5CAD00A3-85F5-3397-959F-813B5606A627}.Release|x64.ActiveCfg = Release|x64
		{5CAD00A3-85F5-3397-959F-813B5606A627}.Release|x64.Build.0 = Release|x64
		{5CAD00A3-85F5-3397-959F-813B5606A627}.MinSizeRel|x64.ActiveCfg = MinSizeRel|x64
		{5CAD00A3-85F5-3397-959F-813B5606A627}.MinSizeRel|x64.Build.0 = MinSizeRel|x64
		{5CAD00A3-85F5-3397-959F-813B5606A627}.RelWithDebInfo|x64.ActiveCfg = RelWithDebInfo|x64
		{5CAD00A3-85F5-3397-959F-813B5606A627}.RelWithDebInfo|x64.Build.0 = RelWithDebInfo|x64
		{E513B8D3-E7F7-30F1-8A94-6B6D8A347797}.Debug|x64.ActiveCfg = Debug|x64
		{E513B8D3-E7F7-30F1-8A94-6B6D8A347797}.Debug|x64.Build.0 = Debug|x64
		{E513B8D3-E7F7-30F1-8A94-6B6D8A347797}.Release|x64.ActiveCfg = Release|x64
		{E513B8D3-E7F7-30F1-8A94-6B6D8A347797}.Release|x64.Build.0 = Release|x64
		{E513B8D3-E7F7-30F1-8A94-6B6D8A347797}.MinSizeRel|x64.ActiveCfg = MinSizeRel|x64
		{E513B8D3-E7F7-30F1-8A94-6B6D8A347797}.MinSizeRel|x64.Build.0 = MinSizeRel|x64
		{E513B8D3-E7F7-30F1-8A94-6B6D8A347797}.RelWithDebInfo|x64.ActiveCfg = RelWithDebInfo|x64
		{E513B8D3-E7F7-30F1-8A94-6B6D8A347797}.RelWithDebInfo|x64.Build.0 = RelWithDebInfo|x64
		{C2F103D9-72C4-3AF8-9718-663719D0C940}.Debug|x64.ActiveCfg = Debug|x64
		{C2F103D9-72C4-3AF8-9718-663719D0C940}.Debug|x64.Build.0 = Debug|x64
		{C2F103D9-72C4-3AF8-9718-663719D0C940}.Release|x64.ActiveCfg = Release|x64
		{C2F103D9-72C4-3AF8-9718-663719D0C940}.Release|x64.Build.0 = Release|x64
		{C2F103D9-72C4-3AF8-9718-663719D0C940}.MinSizeRel|x64.ActiveCfg = MinSizeRel|x64
		{C2F103D9-72C4-3AF8-9718-663719D0C940}.MinSizeRel|x64.Build.0 = MinSizeRel|x64
		{C2F103D9-72C4-3AF8-9718-663719D0C940}.RelWithDebInfo|x64.ActiveCfg = RelWithDebInfo|x64
		{C2F103D9-72C4-3AF8-9718-663719D0C940}.RelWithDebInfo|x64.Build.0 = RelWithDebInfo|x64
		{3A2CF4B8-A965-3DB8-80BF-794DCAB93FE4}.Debug|x64.ActiveCfg = Debug|x64
		{3A2CF4B8-A965-3DB8-80BF-794DCAB93FE4}.Debug|x64.Build.0 = Debug|x64
		{3A2CF4B8-A965-3DB8-80BF-794DCAB93FE4}.Release|x64.ActiveCfg = Release|x64
		{3A2CF4B8-A965-3DB8-80BF-794DCAB93FE4}.Release|x64.Build.0 = Release|x64
		{3A2CF4B8-A965-3DB8-80BF-794DCAB93FE4}.MinSizeRel|x64.ActiveCfg = MinSizeRel|x64
		{3A2CF4B8-A965-3DB8-80BF-794DCAB93FE4}.MinSizeRel|x64.Build.0 = MinSizeRel|x64
		{3A2CF4B8-A965-3DB8-80BF-794DCAB93FE4}.RelWithDebInfo|x64.ActiveCfg = RelWithDebInfo|x64
		{3A2CF4B8-A965-3DB8-80BF-794DCAB93FE4}.RelWithDebInfo|x64.Build.0 = RelWithDebInfo|x64
		{C3DD8E8A-6476-3435-BA28-692D4FB879DE}.Debug|x64.ActiveCfg = Debug|x64
		{C3DD8E8A-6476-3435-BA28-692D4FB879DE}.Debug|x64.Build.0 = Debug|x64
		{C3DD8E8A-6476-3435-BA28-692D4FB879DE}.Release|x64.ActiveCfg = Release|x64
		{C3DD8E8A-6476-3435-BA28-692D4FB879DE}.Release|x64.Build.0 = Release|x64
		{C3DD8E8A-6476-3435-BA28-692D4FB879DE}.MinSizeRel|x64.ActiveCfg = MinSizeRel|x64
		{C3DD8E8A-6476-3435-BA28-692D4FB879DE}.MinSizeRel|x64.Build.0 = MinSizeRel|x64
		{C3DD8E8A-6476-3435-BA28-692D4FB879DE}.RelWithDebInfo|x64.ActiveCfg = RelWithDebInfo|x64
		{C3DD8E8A-6476-3435-BA28-692D4FB879DE}.RelWithDebInfo|x64.Build.0 = RelWithDebInfo|x64
		{CEB40585-4E66-30FB-9482-E5901E14EFD0}.Debug|x64.ActiveCfg = Debug|x64
		{CEB40585-4E66-30FB-9482-E5901E14EFD0}.Debug|x64.Build.0 = Debug|x64
		{CEB40585-4E66-30FB-9482-E5901E14EFD0}.Release|x64.ActiveCfg = Release|x64
		{CEB40585-4E66-30FB-9482-E5901E14EFD0}.Release|x64.Build.0 = Release|x64
		{CEB40585-4E66-30FB-9482-E5901E14EFD0}.MinSizeRel|x64.ActiveCfg = MinSizeRel|x64
		{CEB40585-4E66-30FB-9482-E5901E14EFD0}.MinSizeRel|x64.Build.0 = MinSizeRel|x64
		{CEB40585-4E66-30FB-9482-E5901E14EFD0}.RelWithDebInfo|x64.ActiveCfg = RelWithDebInfo|x64
		{CEB40585-4E66-30FB-9482-E5901E14EFD0}.RelWithDebInfo|x64.Build.0 = RelWithDebInfo|x64
		{081F1C26-2845-3F27-A2A6-54F2F2B7C299}.Debug|x64.ActiveCfg = Debug|x64
		{081F1C26-2845-3F27-A2A6-54F2F2B7C299}.Debug|x64.Build.0 = Debug|x64
		{081F1C26-2845-3F27-A2A6-54F2F2B7C299}.Release|x64.ActiveCfg = Release|x64
		{081F1C26-2845-3F27-A2A6-54F2F2B7C299}.Release|x64.Build.0 = Release|x64
		{081F1C26-2845-3F27-A2A6-54F2F2B7C299}.MinSizeRel|x64.ActiveCfg = MinSizeRel|x64
		{081F1C26-2845-3F27-A2A6-54F2F2B7C299}.MinSizeRel|x64.Build.0 = MinSizeRel|x64
		{081F1C26-2845-3F27-A2A6-54F2F2B7C299}.RelWithDebInfo|x64.ActiveCfg = RelWithDebInfo|x64
		{081F1C26-2845-3F27-A2A6-54F2F2B7C299}.RelWithDebInfo|x64.Build.0 = RelWithDebInfo|x64
		{CA115465-F742-3CA0-9138-B462FC7409BF}.Debug|x64.ActiveCfg = Debug|x64
		{CA115465-F742-3CA0-9138-B462FC7409BF}.Debug|x64.Build.0 = Debug|x64
		{CA115465-F742-3CA0-9138-B462FC7409BF}.Release|x64.ActiveCfg = Release|x64
		{CA115465-F742-3CA0-9138-B462FC7409BF}.Release|x64.Build.0 = Release|x64
		{CA115465-F742-3CA0-9138-B462FC7409BF}.MinSizeRel|x64.ActiveCfg = MinSizeRel|x64
		{CA115465-F742-3CA0-9138-B462FC7409BF}.MinSizeRel|x64.Build.0 = MinSizeRel|x64
		{CA115465-F742-3CA0-9138-B462FC7409BF}.RelWithDebInfo|x64.ActiveCfg = RelWithDebInfo|x64
		{CA115465-F742-3CA0-9138-B462FC7409BF}.RelWithDebInfo|x64.Build.0 = RelWithDebInfo|x64
		{635EEF8F-F24A-3C67-A595-0B350978B68C}.Debug|x64.ActiveCfg = Debug|x64
		{635EEF8F-F24A-3C67-A595-0B350978B68C}.Debug|x64.Build.0 = Debug|x64
		{635EEF8F-F24A-3C67-A595-0B350978B68C}.Release|x64.ActiveCfg = Release|x64
		{635EEF8F-F24A-3C67-A595-0B350978B68C}.Release|x64.Build.0 = Release|x64
		{635EEF8F-F24A-3C67-A595-0B350978B68C}.MinSizeRel|x64.ActiveCfg = MinSizeRel|x64
		{635EEF8F-F24A-3C67-A595-0B350978B68C}.MinSizeRel|x64.Build.0 = MinSizeRel|x64
		{635EEF8F-F24A-3C67-A595-0B350978B68C}.RelWithDebInfo|x64.ActiveCfg = RelWithDebInfo|x64
		{635EEF8F-F24A-3C67-A595-0B350978B68C}.RelWithDebInfo|x64.Build.0 = RelWithDebInfo|x64
		{8F695E59-4709-3149-A276-6B586EE895E4}.Debug|x64.ActiveCfg = Debug|x64
		{8F695E59-4709-3149-A276-6B586EE895E4}.Debug|x64.Build.0 = Debug|x64
		{8F695E59-4709-3149-A276-6B586EE895E4}.Release|x64.ActiveCfg = Release|x64
		{8F695E59-4709-3149-A276-6B586EE895E4}.Release|x64.Build.0 = Release|x64
		{8F695E59-4709-3149-A276-6B586EE895E4}.MinSizeRel|x64.ActiveCfg = MinSizeRel|x64
		{8F695E59-4709-3149-A276-6B586EE895E4}.MinSizeRel|x64.Build.0 = MinSizeRel|x64
		{8F695E59-4709-3149-A276-6B586EE895E4}.RelWithDebInfo|x64.ActiveCfg = RelWithDebInfo|x64
		{8F695E59-4709-3149-A276-6B586EE895E4}.RelWithDebInfo|x64.Build.0 = RelWithDebInfo|x64
		{9EDFB933-4130-3843-A0B1-0B21E9A0058D}.Debug|x64.ActiveCfg = Debug|x64
		{9EDFB933-4130-3843-A0B1-0B21E9A0058D}.Debug|x64.Build.0 = Debug|x64
		{9EDFB933-4130-3843-A0B1-0B21E9A0058D}.Release|x64.ActiveCfg = Release|x64
		{9EDFB933-4130-3843-A0B1-0B21E9A0058D}.Release|x64.Build.0 = Release|x64
		{9EDFB933-4130-3843-A0B1-0B21E9A0058D}.MinSizeRel|x64.ActiveCfg = MinSizeRel|x64
		{9EDFB933-4130-3843-A0B1-0B21E9A0058D}.MinSizeRel|x64.Build.0 = MinSizeRel|x64
		{9EDFB933-4130-3843-A0B1-0B21E9A0058D}.RelWithDebInfo|x64.ActiveCfg = RelWithDebInfo|x64
		{9EDFB933-4130-3843-A0B1-0B21E9A0058D}.RelWithDebInfo|x64.Build.0 = RelWithDebInfo|x64
	EndGlobalSection
	GlobalSection(ExtensibilityGlobals) = postSolution
		SolutionGuid = {EB2CD629-4F46-33CE-A382-6A6BE141E897}
	EndGlobalSection
	GlobalSection(ExtensibilityAddIns) = postSolution
	EndGlobalSection
EndGlobal
