<?xml version="1.0" encoding="utf-8"?>
<Project ToolsVersion="17.0" xmlns="http://schemas.microsoft.com/developer/msbuild/2003">
  <ItemGroup>
    <ClCompile Include="C:\Users\nicol\Desktop\Lavoro\Repo\CNR-DepthStreaming\build\libwebp\src\libwebp\src\enc\alpha_enc.c">
      <Filter>Source Files</Filter>
    </ClCompile>
    <ClCompile Include="C:\Users\nicol\Desktop\Lavoro\Repo\CNR-DepthStreaming\build\libwebp\src\libwebp\src\enc\analysis_enc.c">
      <Filter>Source Files</Filter>
    </ClCompile>
    <ClCompile Include="C:\Users\nicol\Desktop\Lavoro\Repo\CNR-DepthStreaming\build\libwebp\src\libwebp\src\enc\backward_references_cost_enc.c">
      <Filter>Source Files</Filter>
    </ClCompile>
    <ClCompile Include="C:\Users\nicol\Desktop\Lavoro\Repo\CNR-DepthStreaming\build\libwebp\src\libwebp\src\enc\backward_references_enc.c">
      <Filter>Source Files</Filter>
    </ClCompile>
    <ClCompile Include="C:\Users\nicol\Desktop\Lavoro\Repo\CNR-DepthStreaming\build\libwebp\src\libwebp\src\enc\config_enc.c">
      <Filter>Source Files</Filter>
    </ClCompile>
    <ClCompile Include="C:\Users\nicol\Desktop\Lavoro\Repo\CNR-DepthStreaming\build\libwebp\src\libwebp\src\enc\cost_enc.c">
      <Filter>Source Files</Filter>
    </ClCompile>
    <ClCompile Include="C:\Users\nicol\Desktop\Lavoro\Repo\CNR-DepthStreaming\build\libwebp\src\libwebp\src\enc\filter_enc.c">
      <Filter>Source Files</Filter>
    </ClCompile>
    <ClCompile Include="C:\Users\nicol\Desktop\Lavoro\Repo\CNR-DepthStreaming\build\libwebp\src\libwebp\src\enc\frame_enc.c">
      <Filter>Source Files</Filter>
    </ClCompile>
    <ClCompile Include="C:\Users\nicol\Desktop\Lavoro\Repo\CNR-DepthStreaming\build\libwebp\src\libwebp\src\enc\histogram_enc.c">
      <Filter>Source Files</Filter>
    </ClCompile>
    <ClCompile Include="C:\Users\nicol\Desktop\Lavoro\Repo\CNR-DepthStreaming\build\libwebp\src\libwebp\src\enc\iterator_enc.c">
      <Filter>Source Files</Filter>
    </ClCompile>
    <ClCompile Include="C:\Users\nicol\Desktop\Lavoro\Repo\CNR-DepthStreaming\build\libwebp\src\libwebp\src\enc\near_lossless_enc.c">
      <Filter>Source Files</Filter>
    </ClCompile>
    <ClCompile Include="C:\Users\nicol\Desktop\Lavoro\Repo\CNR-DepthStreaming\build\libwebp\src\libwebp\src\enc\picture_enc.c">
      <Filter>Source Files</Filter>
    </ClCompile>
    <ClCompile Include="C:\Users\nicol\Desktop\Lavoro\Repo\CNR-DepthStreaming\build\libwebp\src\libwebp\src\enc\picture_csp_enc.c">
      <Filter>Source Files</Filter>
    </ClCompile>
    <ClCompile Include="C:\Users\nicol\Desktop\Lavoro\Repo\CNR-DepthStreaming\build\libwebp\src\libwebp\src\enc\picture_psnr_enc.c">
      <Filter>Source Files</Filter>
    </ClCompile>
    <ClCompile Include="C:\Users\nicol\Desktop\Lavoro\Repo\CNR-DepthStreaming\build\libwebp\src\libwebp\src\enc\picture_rescale_enc.c">
      <Filter>Source Files</Filter>
    </ClCompile>
    <ClCompile Include="C:\Users\nicol\Desktop\Lavoro\Repo\CNR-DepthStreaming\build\libwebp\src\libwebp\src\enc\picture_tools_enc.c">
      <Filter>Source Files</Filter>
    </ClCompile>
    <ClCompile Include="C:\Users\nicol\Desktop\Lavoro\Repo\CNR-DepthStreaming\build\libwebp\src\libwebp\src\enc\predictor_enc.c">
      <Filter>Source Files</Filter>
    </ClCompile>
    <ClCompile Include="C:\Users\nicol\Desktop\Lavoro\Repo\CNR-DepthStreaming\build\libwebp\src\libwebp\src\enc\quant_enc.c">
      <Filter>Source Files</Filter>
    </ClCompile>
    <ClCompile Include="C:\Users\nicol\Desktop\Lavoro\Repo\CNR-DepthStreaming\build\libwebp\src\libwebp\src\enc\syntax_enc.c">
      <Filter>Source Files</Filter>
    </ClCompile>
    <ClCompile Include="C:\Users\nicol\Desktop\Lavoro\Repo\CNR-DepthStreaming\build\libwebp\src\libwebp\src\enc\token_enc.c">
      <Filter>Source Files</Filter>
    </ClCompile>
    <ClCompile Include="C:\Users\nicol\Desktop\Lavoro\Repo\CNR-DepthStreaming\build\libwebp\src\libwebp\src\enc\tree_enc.c">
      <Filter>Source Files</Filter>
    </ClCompile>
    <ClCompile Include="C:\Users\nicol\Desktop\Lavoro\Repo\CNR-DepthStreaming\build\libwebp\src\libwebp\src\enc\vp8l_enc.c">
      <Filter>Source Files</Filter>
    </ClCompile>
    <ClCompile Include="C:\Users\nicol\Desktop\Lavoro\Repo\CNR-DepthStreaming\build\libwebp\src\libwebp\src\enc\webp_enc.c">
      <Filter>Source Files</Filter>
    </ClCompile>
  </ItemGroup>
  <ItemGroup>
    <ClInclude Include="C:\Users\nicol\Desktop\Lavoro\Repo\CNR-DepthStreaming\build\libwebp\src\libwebp\src\enc\backward_references_enc.h">
      <Filter>Header Files</Filter>
    </ClInclude>
    <ClInclude Include="C:\Users\nicol\Desktop\Lavoro\Repo\CNR-DepthStreaming\build\libwebp\src\libwebp\src\enc\cost_enc.h">
      <Filter>Header Files</Filter>
    </ClInclude>
    <ClInclude Include="C:\Users\nicol\Desktop\Lavoro\Repo\CNR-DepthStreaming\build\libwebp\src\libwebp\src\enc\histogram_enc.h">
      <Filter>Header Files</Filter>
    </ClInclude>
    <ClInclude Include="C:\Users\nicol\Desktop\Lavoro\Repo\CNR-DepthStreaming\build\libwebp\src\libwebp\src\enc\vp8i_enc.h">
      <Filter>Header Files</Filter>
    </ClInclude>
    <ClInclude Include="C:\Users\nicol\Desktop\Lavoro\Repo\CNR-DepthStreaming\build\libwebp\src\libwebp\src\enc\vp8li_enc.h">
      <Filter>Header Files</Filter>
    </ClInclude>
  </ItemGroup>
  <ItemGroup>
    <CustomBuild Include="C:\Users\nicol\Desktop\Lavoro\Repo\CNR-DepthStreaming\build\libwebp\src\libwebp\CMakeLists.txt" />
  </ItemGroup>
  <ItemGroup>
    <Filter Include="Header Files">
      <UniqueIdentifier>{2731A8C8-0411-327F-B4E6-65023155BAA1}</UniqueIdentifier>
    </Filter>
    <Filter Include="Source Files">
      <UniqueIdentifier>{BA339C7D-B01A-3B6E-99E9-A326E1DA106F}</UniqueIdentifier>
    </Filter>
  </ItemGroup>
</Project>
