
Microsoft Visual Studio Solution File, Format Version 12.00
# Visual Studio Version 17
Project("{8BC9CEB8-8B4A-11D0-8D11-00A0C91BC942}") = "ALL_BUILD", "ALL_BUILD.vcxproj", "{3ED436B6-43F9-3F6C-B1B6-3FBE9FDA88FB}"
	ProjectSection(ProjectDependencies) = postProject
		{32DB6698-3D2B-3E1F-ACA3-7B92F64FE61F} = {32DB6698-3D2B-3E1F-ACA3-7B92F64FE61F}
		{150FD3E7-0C02-3166-8159-4CCB7B3CF19C} = {150FD3E7-0C02-3166-8159-4CCB7B3CF19C}
		{3460C4D0-92E8-3696-9F8D-5ED9DD738F7C} = {3460C4D0-92E8-3696-9F8D-5ED9DD738F7C}
		{A2908028-39A2-3CF5-B569-F6A23BDF1FF1} = {A2908028-39A2-3CF5-B569-F6A23BDF1FF1}
		{19ECB82E-D8F2-35F8-8261-6EE1776747F8} = {19ECB82E-D8F2-35F8-8261-6EE1776747F8}
	EndProjectSection
EndProject
Project("{8BC9CEB8-8B4A-11D0-8D11-00A0C91BC942}") = "INSTALL", "INSTALL.vcxproj", "{677530E6-25B0-3BDC-9091-AB35BDCC2D95}"
	ProjectSection(ProjectDependencies) = postProject
		{3ED436B6-43F9-3F6C-B1B6-3FBE9FDA88FB} = {3ED436B6-43F9-3F6C-B1B6-3FBE9FDA88FB}
		{32DB6698-3D2B-3E1F-ACA3-7B92F64FE61F} = {32DB6698-3D2B-3E1F-ACA3-7B92F64FE61F}
	EndProjectSection
EndProject
Project("{8BC9CEB8-8B4A-11D0-8D11-00A0C91BC942}") = "RUN_TESTS", "RUN_TESTS.vcxproj", "{76A1864B-1FEA-3589-B070-A33217F566B1}"
	ProjectSection(ProjectDependencies) = postProject
		{32DB6698-3D2B-3E1F-ACA3-7B92F64FE61F} = {32DB6698-3D2B-3E1F-ACA3-7B92F64FE61F}
	EndProjectSection
EndProject
Project("{8BC9CEB8-8B4A-11D0-8D11-00A0C91BC942}") = "ZERO_CHECK", "ZERO_CHECK.vcxproj", "{32DB6698-3D2B-3E1F-ACA3-7B92F64FE61F}"
	ProjectSection(ProjectDependencies) = postProject
	EndProjectSection
EndProject
Project("{8BC9CEB8-8B4A-11D0-8D11-00A0C91BC942}") = "tiff", "libtiff\tiff.vcxproj", "{150FD3E7-0C02-3166-8159-4CCB7B3CF19C}"
	ProjectSection(ProjectDependencies) = postProject
		{32DB6698-3D2B-3E1F-ACA3-7B92F64FE61F} = {32DB6698-3D2B-3E1F-ACA3-7B92F64FE61F}
	EndProjectSection
EndProject
Project("{8BC9CEB8-8B4A-11D0-8D11-00A0C91BC942}") = "tiff_faxtable", "libtiff\tiff_faxtable.vcxproj", "{77F96344-91C3-3272-AA88-A6A91F46B4D4}"
	ProjectSection(ProjectDependencies) = postProject
		{32DB6698-3D2B-3E1F-ACA3-7B92F64FE61F} = {32DB6698-3D2B-3E1F-ACA3-7B92F64FE61F}
		{3460C4D0-92E8-3696-9F8D-5ED9DD738F7C} = {3460C4D0-92E8-3696-9F8D-5ED9DD738F7C}
	EndProjectSection
EndProject
Project("{8BC9CEB8-8B4A-11D0-8D11-00A0C91BC942}") = "tiff_mkg3states", "libtiff\tiff_mkg3states.vcxproj", "{3460C4D0-92E8-3696-9F8D-5ED9DD738F7C}"
	ProjectSection(ProjectDependencies) = postProject
		{32DB6698-3D2B-3E1F-ACA3-7B92F64FE61F} = {32DB6698-3D2B-3E1F-ACA3-7B92F64FE61F}
		{150FD3E7-0C02-3166-8159-4CCB7B3CF19C} = {150FD3E7-0C02-3166-8159-4CCB7B3CF19C}
		{A2908028-39A2-3CF5-B569-F6A23BDF1FF1} = {A2908028-39A2-3CF5-B569-F6A23BDF1FF1}
	EndProjectSection
EndProject
Project("{8BC9CEB8-8B4A-11D0-8D11-00A0C91BC942}") = "tiff_port", "port\tiff_port.vcxproj", "{A2908028-39A2-3CF5-B569-F6A23BDF1FF1}"
	ProjectSection(ProjectDependencies) = postProject
		{32DB6698-3D2B-3E1F-ACA3-7B92F64FE61F} = {32DB6698-3D2B-3E1F-ACA3-7B92F64FE61F}
	EndProjectSection
EndProject
Project("{8BC9CEB8-8B4A-11D0-8D11-00A0C91BC942}") = "tiff_release", "tiff_release.vcxproj", "{C7ACF878-1548-3A93-BFC0-D468F0B17D0B}"
	ProjectSection(ProjectDependencies) = postProject
		{32DB6698-3D2B-3E1F-ACA3-7B92F64FE61F} = {32DB6698-3D2B-3E1F-ACA3-7B92F64FE61F}
	EndProjectSection
EndProject
Project("{8BC9CEB8-8B4A-11D0-8D11-00A0C91BC942}") = "tiffxx", "libtiff\tiffxx.vcxproj", "{19ECB82E-D8F2-35F8-8261-6EE1776747F8}"
	ProjectSection(ProjectDependencies) = postProject
		{32DB6698-3D2B-3E1F-ACA3-7B92F64FE61F} = {32DB6698-3D2B-3E1F-ACA3-7B92F64FE61F}
		{150FD3E7-0C02-3166-8159-4CCB7B3CF19C} = {150FD3E7-0C02-3166-8159-4CCB7B3CF19C}
	EndProjectSection
EndProject
Global
	GlobalSection(SolutionConfigurationPlatforms) = preSolution
		Debug|x64 = Debug|x64
		Release|x64 = Release|x64
		MinSizeRel|x64 = MinSizeRel|x64
		RelWithDebInfo|x64 = RelWithDebInfo|x64
	EndGlobalSection
	GlobalSection(ProjectConfigurationPlatforms) = postSolution
		{3ED436B6-43F9-3F6C-B1B6-3FBE9FDA88FB}.Debug|x64.ActiveCfg = Debug|x64
		{3ED436B6-43F9-3F6C-B1B6-3FBE9FDA88FB}.Debug|x64.Build.0 = Debug|x64
		{3ED436B6-43F9-3F6C-B1B6-3FBE9FDA88FB}.Release|x64.ActiveCfg = Release|x64
		{3ED436B6-43F9-3F6C-B1B6-3FBE9FDA88FB}.Release|x64.Build.0 = Release|x64
		{3ED436B6-43F9-3F6C-B1B6-3FBE9FDA88FB}.MinSizeRel|x64.ActiveCfg = MinSizeRel|x64
		{3ED436B6-43F9-3F6C-B1B6-3FBE9FDA88FB}.MinSizeRel|x64.Build.0 = MinSizeRel|x64
		{3ED436B6-43F9-3F6C-B1B6-3FBE9FDA88FB}.RelWithDebInfo|x64.ActiveCfg = RelWithDebInfo|x64
		{3ED436B6-43F9-3F6C-B1B6-3FBE9FDA88FB}.RelWithDebInfo|x64.Build.0 = RelWithDebInfo|x64
		{677530E6-25B0-3BDC-9091-AB35BDCC2D95}.Debug|x64.ActiveCfg = Debug|x64
		{677530E6-25B0-3BDC-9091-AB35BDCC2D95}.Release|x64.ActiveCfg = Release|x64
		{677530E6-25B0-3BDC-9091-AB35BDCC2D95}.MinSizeRel|x64.ActiveCfg = MinSizeRel|x64
		{677530E6-25B0-3BDC-9091-AB35BDCC2D95}.RelWithDebInfo|x64.ActiveCfg = RelWithDebInfo|x64
		{76A1864B-1FEA-3589-B070-A33217F566B1}.Debug|x64.ActiveCfg = Debug|x64
		{76A1864B-1FEA-3589-B070-A33217F566B1}.Release|x64.ActiveCfg = Release|x64
		{76A1864B-1FEA-3589-B070-A33217F566B1}.MinSizeRel|x64.ActiveCfg = MinSizeRel|x64
		{76A1864B-1FEA-3589-B070-A33217F566B1}.RelWithDebInfo|x64.ActiveCfg = RelWithDebInfo|x64
		{32DB6698-3D2B-3E1F-ACA3-7B92F64FE61F}.Debug|x64.ActiveCfg = Debug|x64
		{32DB6698-3D2B-3E1F-ACA3-7B92F64FE61F}.Debug|x64.Build.0 = Debug|x64
		{32DB6698-3D2B-3E1F-ACA3-7B92F64FE61F}.Release|x64.ActiveCfg = Release|x64
		{32DB6698-3D2B-3E1F-ACA3-7B92F64FE61F}.Release|x64.Build.0 = Release|x64
		{32DB6698-3D2B-3E1F-ACA3-7B92F64FE61F}.MinSizeRel|x64.ActiveCfg = MinSizeRel|x64
		{32DB6698-3D2B-3E1F-ACA3-7B92F64FE61F}.MinSizeRel|x64.Build.0 = MinSizeRel|x64
		{32DB6698-3D2B-3E1F-ACA3-7B92F64FE61F}.RelWithDebInfo|x64.ActiveCfg = RelWithDebInfo|x64
		{32DB6698-3D2B-3E1F-ACA3-7B92F64FE61F}.RelWithDebInfo|x64.Build.0 = RelWithDebInfo|x64
		{150FD3E7-0C02-3166-8159-4CCB7B3CF19C}.Debug|x64.ActiveCfg = Debug|x64
		{150FD3E7-0C02-3166-8159-4CCB7B3CF19C}.Debug|x64.Build.0 = Debug|x64
		{150FD3E7-0C02-3166-8159-4CCB7B3CF19C}.Release|x64.ActiveCfg = Release|x64
		{150FD3E7-0C02-3166-8159-4CCB7B3CF19C}.Release|x64.Build.0 = Release|x64
		{150FD3E7-0C02-3166-8159-4CCB7B3CF19C}.MinSizeRel|x64.ActiveCfg = MinSizeRel|x64
		{150FD3E7-0C02-3166-8159-4CCB7B3CF19C}.MinSizeRel|x64.Build.0 = MinSizeRel|x64
		{150FD3E7-0C02-3166-8159-4CCB7B3CF19C}.RelWithDebInfo|x64.ActiveCfg = RelWithDebInfo|x64
		{150FD3E7-0C02-3166-8159-4CCB7B3CF19C}.RelWithDebInfo|x64.Build.0 = RelWithDebInfo|x64
		{77F96344-91C3-3272-AA88-A6A91F46B4D4}.Debug|x64.ActiveCfg = Debug|x64
		{77F96344-91C3-3272-AA88-A6A91F46B4D4}.Release|x64.ActiveCfg = Release|x64
		{77F96344-91C3-3272-AA88-A6A91F46B4D4}.MinSizeRel|x64.ActiveCfg = MinSizeRel|x64
		{77F96344-91C3-3272-AA88-A6A91F46B4D4}.RelWithDebInfo|x64.ActiveCfg = RelWithDebInfo|x64
		{3460C4D0-92E8-3696-9F8D-5ED9DD738F7C}.Debug|x64.ActiveCfg = Debug|x64
		{3460C4D0-92E8-3696-9F8D-5ED9DD738F7C}.Debug|x64.Build.0 = Debug|x64
		{3460C4D0-92E8-3696-9F8D-5ED9DD738F7C}.Release|x64.ActiveCfg = Release|x64
		{3460C4D0-92E8-3696-9F8D-5ED9DD738F7C}.Release|x64.Build.0 = Release|x64
		{3460C4D0-92E8-3696-9F8D-5ED9DD738F7C}.MinSizeRel|x64.ActiveCfg = MinSizeRel|x64
		{3460C4D0-92E8-3696-9F8D-5ED9DD738F7C}.MinSizeRel|x64.Build.0 = MinSizeRel|x64
		{3460C4D0-92E8-3696-9F8D-5ED9DD738F7C}.RelWithDebInfo|x64.ActiveCfg = RelWithDebInfo|x64
		{3460C4D0-92E8-3696-9F8D-5ED9DD738F7C}.RelWithDebInfo|x64.Build.0 = RelWithDebInfo|x64
		{A2908028-39A2-3CF5-B569-F6A23BDF1FF1}.Debug|x64.ActiveCfg = Debug|x64
		{A2908028-39A2-3CF5-B569-F6A23BDF1FF1}.Debug|x64.Build.0 = Debug|x64
		{A2908028-39A2-3CF5-B569-F6A23BDF1FF1}.Release|x64.ActiveCfg = Release|x64
		{A2908028-39A2-3CF5-B569-F6A23BDF1FF1}.Release|x64.Build.0 = Release|x64
		{A2908028-39A2-3CF5-B569-F6A23BDF1FF1}.MinSizeRel|x64.ActiveCfg = MinSizeRel|x64
		{A2908028-39A2-3CF5-B569-F6A23BDF1FF1}.MinSizeRel|x64.Build.0 = MinSizeRel|x64
		{A2908028-39A2-3CF5-B569-F6A23BDF1FF1}.RelWithDebInfo|x64.ActiveCfg = RelWithDebInfo|x64
		{A2908028-39A2-3CF5-B569-F6A23BDF1FF1}.RelWithDebInfo|x64.Build.0 = RelWithDebInfo|x64
		{C7ACF878-1548-3A93-BFC0-D468F0B17D0B}.Debug|x64.ActiveCfg = Debug|x64
		{C7ACF878-1548-3A93-BFC0-D468F0B17D0B}.Release|x64.ActiveCfg = Release|x64
		{C7ACF878-1548-3A93-BFC0-D468F0B17D0B}.MinSizeRel|x64.ActiveCfg = MinSizeRel|x64
		{C7ACF878-1548-3A93-BFC0-D468F0B17D0B}.RelWithDebInfo|x64.ActiveCfg = RelWithDebInfo|x64
		{19ECB82E-D8F2-35F8-8261-6EE1776747F8}.Debug|x64.ActiveCfg = Debug|x64
		{19ECB82E-D8F2-35F8-8261-6EE1776747F8}.Debug|x64.Build.0 = Debug|x64
		{19ECB82E-D8F2-35F8-8261-6EE1776747F8}.Release|x64.ActiveCfg = Release|x64
		{19ECB82E-D8F2-35F8-8261-6EE1776747F8}.Release|x64.Build.0 = Release|x64
		{19ECB82E-D8F2-35F8-8261-6EE1776747F8}.MinSizeRel|x64.ActiveCfg = MinSizeRel|x64
		{19ECB82E-D8F2-35F8-8261-6EE1776747F8}.MinSizeRel|x64.Build.0 = MinSizeRel|x64
		{19ECB82E-D8F2-35F8-8261-6EE1776747F8}.RelWithDebInfo|x64.ActiveCfg = RelWithDebInfo|x64
		{19ECB82E-D8F2-35F8-8261-6EE1776747F8}.RelWithDebInfo|x64.Build.0 = RelWithDebInfo|x64
	EndGlobalSection
	GlobalSection(ExtensibilityGlobals) = postSolution
		SolutionGuid = {2ADF8E4F-9D7C-3FFC-8BB1-93DE564244CF}
	EndGlobalSection
	GlobalSection(ExtensibilityAddIns) = postSolution
	EndGlobalSection
EndGlobal
